
Microsoft Visual Studio Solution File, Format Version 12.00
# Visual Studio Version 17
VisualStudioVersion = 17.7.34031.279
MinimumVisualStudioVersion = 10.0.40219.1
Project("{FAE04EC0-301F-11D3-BF4B-00C04F79EFBC}") = "Tp1", "Tp1.csproj", "{75946662-B804-4ED0-B68C-2C27C95E23A8}"
EndProject
Global
	GlobalSection(SolutionConfigurationPlatforms) = preSolution
		Debug|Any CPU = Debug|Any CPU
		Release|Any CPU = Release|Any CPU
	EndGlobalSection
	GlobalSection(ProjectConfigurationPlatforms) = postSolution
		{75946662-B804-4ED0-B68C-2C27C95E23A8}.Debug|Any CPU.ActiveCfg = Debug|Any CPU
		{75946662-B804-4ED0-B68C-2C27C95E23A8}.Debug|Any CPU.Build.0 = Debug|Any CPU
		{75946662-B804-4ED0-B68C-2C27C95E23A8}.Release|Any CPU.ActiveCfg = Release|Any CPU
		{75946662-B804-4ED0-B68C-2C27C95E23A8}.Release|Any CPU.Build.0 = Release|Any CPU
	EndGlobalSection
	GlobalSection(SolutionProperties) = preSolution
		HideSolutionNode = FALSE
	EndGlobalSection
	GlobalSection(ExtensibilityGlobals) = postSolution
		SolutionGuid = {86D14783-B605-40F8-8176-A16487879B95}
	EndGlobalSection
EndGlobal
